
Microsoft Visual Studio Solution File, Format Version 12.00
# Visual Studio Version 16
VisualStudioVersion = 16.0.31515.178
MinimumVisualStudioVersion = 10.0.40219.1
Project("{FAE04EC0-301F-11D3-BF4B-00C04F79EFBC}") = "WindowCornerTest", "WindowCornerTest\WindowCornerTest.csproj", "{B79866F1-FC7A-4DCA-A13B-D2A405776091}"
EndProject
Global
	GlobalSection(SolutionConfigurationPlatforms) = preSolution
		Debug|Any CPU = Debug|Any CPU
		Release|Any CPU = Release|Any CPU
	EndGlobalSection
	GlobalSection(ProjectConfigurationPlatforms) = postSolution
		{B79866F1-FC7A-4DCA-A13B-D2A405776091}.Debug|Any CPU.ActiveCfg = Debug|Any CPU
		{B79866F1-FC7A-4DCA-A13B-D2A405776091}.Debug|Any CPU.Build.0 = Debug|Any CPU
		{B79866F1-FC7A-4DCA-A13B-D2A405776091}.Release|Any CPU.ActiveCfg = Release|Any CPU
		{B79866F1-FC7A-4DCA-A13B-D2A405776091}.Release|Any CPU.Build.0 = Release|Any CPU
	EndGlobalSection
	GlobalSection(SolutionProperties) = preSolution
		HideSolutionNode = FALSE
	EndGlobalSection
	GlobalSection(ExtensibilityGlobals) = postSolution
		SolutionGuid = {9DC31C20-53E1-4DDA-B041-9A1B31E53AB1}
	EndGlobalSection
EndGlobal
